
Microsoft Visual Studio Solution File, Format Version 12.00
# Visual Studio Version 17
VisualStudioVersion = 17.10.35027.167
MinimumVisualStudioVersion = 10.0.40219.1
Project("{FAE04EC0-301F-11D3-BF4B-00C04F79EFBC}") = "Laboratory_Activity 4", "Laboratory_Activity 4\Laboratory_Activity 4.csproj", "{C70B400A-846E-4FF8-B26E-0EDD9AD4554C}"
EndProject
Global
	GlobalSection(SolutionConfigurationPlatforms) = preSolution
		Debug|Any CPU = Debug|Any CPU
		Release|Any CPU = Release|Any CPU
	EndGlobalSection
	GlobalSection(ProjectConfigurationPlatforms) = postSolution
		{C70B400A-846E-4FF8-B26E-0EDD9AD4554C}.Debug|Any CPU.ActiveCfg = Debug|Any CPU
		{C70B400A-846E-4FF8-B26E-0EDD9AD4554C}.Debug|Any CPU.Build.0 = Debug|Any CPU
		{C70B400A-846E-4FF8-B26E-0EDD9AD4554C}.Release|Any CPU.ActiveCfg = Release|Any CPU
		{C70B400A-846E-4FF8-B26E-0EDD9AD4554C}.Release|Any CPU.Build.0 = Release|Any CPU
	EndGlobalSection
	GlobalSection(SolutionProperties) = preSolution
		HideSolutionNode = FALSE
	EndGlobalSection
	GlobalSection(ExtensibilityGlobals) = postSolution
		SolutionGuid = {5B4F1632-9DD7-4A48-9B63-F9AC3B34BEAE}
	EndGlobalSection
EndGlobal
